
Microsoft Visual Studio Solution File, Format Version 12.00
# Visual Studio Version 16
VisualStudioVersion = 16.0.31321.278
MinimumVisualStudioVersion = 10.0.40219.1
Project("{FAE04EC0-301F-11D3-BF4B-00C04F79EFBC}") = "U2A1IDEASMR", "U2A1IDEASMR\U2A1IDEASMR.csproj", "{3056DCEF-C5B6-4E80-8C29-AB50248C24BE}"
EndProject
Global
	GlobalSection(SolutionConfigurationPlatforms) = preSolution
		Debug|Any CPU = Debug|Any CPU
		Release|Any CPU = Release|Any CPU
	EndGlobalSection
	GlobalSection(ProjectConfigurationPlatforms) = postSolution
		{3056DCEF-C5B6-4E80-8C29-AB50248C24BE}.Debug|Any CPU.ActiveCfg = Debug|Any CPU
		{3056DCEF-C5B6-4E80-8C29-AB50248C24BE}.Debug|Any CPU.Build.0 = Debug|Any CPU
		{3056DCEF-C5B6-4E80-8C29-AB50248C24BE}.Release|Any CPU.ActiveCfg = Release|Any CPU
		{3056DCEF-C5B6-4E80-8C29-AB50248C24BE}.Release|Any CPU.Build.0 = Release|Any CPU
	EndGlobalSection
	GlobalSection(SolutionProperties) = preSolution
		HideSolutionNode = FALSE
	EndGlobalSection
	GlobalSection(ExtensibilityGlobals) = postSolution
		SolutionGuid = {55B00671-50C6-48A1-8ADC-9B3E19CFED37}
	EndGlobalSection
EndGlobal
